Microsoft Visual Studio Solution File, Format Version 12.00
# Visual Studio Version 17
VisualStudioVersion = 17.5.2.0
MinimumVisualStudioVersion = 10.0.40219.1
Project("{FAE04EC0-301F-11D3-BF4B-00C04F79EFBC}") = "ProfileBlazarApp", "ProfileBlazarApp\ProfileBlazarApp.csproj", "{118DAEC1-1E50-E81E-68AF-0A207D67A043}"
EndProject
Global
	GlobalSection(SolutionConfigurationPlatforms) = preSolution
		Debug|Any CPU = Debug|Any CPU
		Release|Any CPU = Release|Any CPU
	EndGlobalSection
	GlobalSection(ProjectConfigurationPlatforms) = postSolution
		{118DAEC1-1E50-E81E-68AF-0A207D67A043}.Debug|Any CPU.ActiveCfg = Debug|Any CPU
		{118DAEC1-1E50-E81E-68AF-0A207D67A043}.Debug|Any CPU.Build.0 = Debug|Any CPU
		{118DAEC1-1E50-E81E-68AF-0A207D67A043}.Release|Any CPU.ActiveCfg = Release|Any CPU
		{118DAEC1-1E50-E81E-68AF-0A207D67A043}.Release|Any CPU.Build.0 = Release|Any CPU
	EndGlobalSection
	GlobalSection(SolutionProperties) = preSolution
		HideSolutionNode = FALSE
	EndGlobalSection
	GlobalSection(ExtensibilityGlobals) = postSolution
		SolutionGuid = {5795E011-5834-406B-9A18-745D4D734E12}
	EndGlobalSection
EndGlobal
